
Microsoft Visual Studio Solution File, Format Version 12.00
# Visual Studio Version 17
VisualStudioVersion = 17.9.34728.123
MinimumVisualStudioVersion = 10.0.40219.1
Project("{FAE04EC0-301F-11D3-BF4B-00C04F79EFBC}") = "Day 5th", "Day 5th\Day 5th.csproj", "{0B247DC1-B171-4F26-AB2D-427D15185A01}"
EndProject
Global
	GlobalSection(SolutionConfigurationPlatforms) = preSolution
		Debug|Any CPU = Debug|Any CPU
		Release|Any CPU = Release|Any CPU
	EndGlobalSection
	GlobalSection(ProjectConfigurationPlatforms) = postSolution
		{0B247DC1-B171-4F26-AB2D-427D15185A01}.Debug|Any CPU.ActiveCfg = Debug|Any CPU
		{0B247DC1-B171-4F26-AB2D-427D15185A01}.Debug|Any CPU.Build.0 = Debug|Any CPU
		{0B247DC1-B171-4F26-AB2D-427D15185A01}.Release|Any CPU.ActiveCfg = Release|Any CPU
		{0B247DC1-B171-4F26-AB2D-427D15185A01}.Release|Any CPU.Build.0 = Release|Any CPU
	EndGlobalSection
	GlobalSection(SolutionProperties) = preSolution
		HideSolutionNode = FALSE
	EndGlobalSection
	GlobalSection(ExtensibilityGlobals) = postSolution
		SolutionGuid = {91C33EF1-98C2-4EB5-9704-215F15EF0DC5}
	EndGlobalSection
EndGlobal
